dependencies:
- name: amalthea
  repository: https://swissdatasciencecenter.github.io/helm-charts/
  version: 0.1.0-rc11
- name: dlf-chart
  repository: https://swissdatasciencecenter.github.io/datashim-charts/
  version: 0.1.0
digest: sha256:34afc8f52f06a33ffc99f964d0d48709e9513678d608b15b132dce3c81213f58
generated: "2021-09-18T19:37:45.43329+02:00"
