dependencies:
- name: amalthea
  repository: https://swissdatasciencecenter.github.io/helm-charts/
  version: 0.2.2
- name: dlf-chart
  repository: https://swissdatasciencecenter.github.io/datashim/
  version: 0.1.1-renku-1
digest: sha256:2623679a03eb93eedafd5149fcea45e1fcaf7b14b3ad18d0e12a24f47280fa90
generated: "2022-01-19T17:41:34.437304+01:00"
