dependencies:
- name: amalthea
  repository: https://swissdatasciencecenter.github.io/helm-charts/
  version: 0.2.2
- name: certificates
  repository: https://swissdatasciencecenter.github.io/helm-charts/
  version: 0.11.0-rc2
digest: sha256:18485a92ccfbd0007d2fe4322b18c39237d88f1f6f8f06ed31caf53d97c4e7fc
generated: "2021-12-10T14:56:16.685529+01:00"
